
Microsoft Visual Studio Solution File, Format Version 12.00
# Visual Studio Version 16
VisualStudioVersion = 16.0.30406.217
MinimumVisualStudioVersion = 10.0.40219.1
Project("{FAE04EC0-301F-11D3-BF4B-00C04F79EFBC}") = "AudioDetector", "AudioDetector\AudioDetector.csproj", "{5C34892F-DE7C-4C2A-91D9-568EBAB861D0}"
EndProject
Global
	GlobalSection(SolutionConfigurationPlatforms) = preSolution
		Debug|Any CPU = Debug|Any CPU
		Release|Any CPU = Release|Any CPU
	EndGlobalSection
	GlobalSection(ProjectConfigurationPlatforms) = postSolution
		{5C34892F-DE7C-4C2A-91D9-568EBAB861D0}.Debug|Any CPU.ActiveCfg = Debug|Any CPU
		{5C34892F-DE7C-4C2A-91D9-568EBAB861D0}.Debug|Any CPU.Build.0 = Debug|Any CPU
		{5C34892F-DE7C-4C2A-91D9-568EBAB861D0}.Release|Any CPU.ActiveCfg = Release|Any CPU
		{5C34892F-DE7C-4C2A-91D9-568EBAB861D0}.Release|Any CPU.Build.0 = Release|Any CPU
	EndGlobalSection
	GlobalSection(SolutionProperties) = preSolution
		HideSolutionNode = FALSE
	EndGlobalSection
	GlobalSection(ExtensibilityGlobals) = postSolution
		SolutionGuid = {5574C4FC-8404-48E9-BE0A-9CBAC2C91570}
	EndGlobalSection
EndGlobal
